
Microsoft Visual Studio Solution File, Format Version 12.00
# Visual Studio 2017
Project("{FAE04EC0-301F-11D3-BF4B-00C04F79EFBC}") = "UnityDarknet", "UnityDarknet.csproj", "{953F475A-03EA-9C59-5CAA-57004964AE3D}"
EndProject
Global
	GlobalSection(SolutionConfigurationPlatforms) = preSolution
		Debug|Any CPU = Debug|Any CPU
		Release|Any CPU = Release|Any CPU
	EndGlobalSection
	GlobalSection(ProjectConfigurationPlatforms) = postSolution
		{953F475A-03EA-9C59-5CAA-57004964AE3D}.Debug|Any CPU.ActiveCfg = Debug|Any CPU
		{953F475A-03EA-9C59-5CAA-57004964AE3D}.Debug|Any CPU.Build.0 = Debug|Any CPU
		{953F475A-03EA-9C59-5CAA-57004964AE3D}.Release|Any CPU.ActiveCfg = Release|Any CPU
		{953F475A-03EA-9C59-5CAA-57004964AE3D}.Release|Any CPU.Build.0 = Release|Any CPU
	EndGlobalSection
	GlobalSection(SolutionProperties) = preSolution
		HideSolutionNode = FALSE
	EndGlobalSection
EndGlobal
